
Microsoft Visual Studio Solution File, Format Version 12.00
# Visual Studio 15
VisualStudioVersion = 15.0.27130.2010
MinimumVisualStudioVersion = 10.0.40219.1
Project("{FAE04EC0-301F-11D3-BF4B-00C04F79EFBC}") = "App3.Android", "App3\App3.Android\App3.Android.csproj", "{BB9DB587-360A-413D-AD6E-B5F7C2C43217}"
EndProject
Project("{FAE04EC0-301F-11D3-BF4B-00C04F79EFBC}") = "App3.iOS", "App3\App3.iOS\App3.iOS.csproj", "{6EB92937-4E4F-4766-BFD9-9AB96F56801B}"
EndProject
Project("{FAE04EC0-301F-11D3-BF4B-00C04F79EFBC}") = "App3.UWP", "App3\App3.UWP\App3.UWP.csproj", "{DE2ED4D8-5EB1-48D6-A876-3AFBD4DF1F5D}"
EndProject
Project("{D954291E-2A0B-460D-934E-DC6B0785DB48}") = "App3", "App3\App3\App3.shproj", "{55082223-CC9A-4158-99FC-52F402B65543}"
EndProject
Global
	GlobalSection(SharedMSBuildProjectFiles) = preSolution
		App3\App3\App3.projitems*{55082223-cc9a-4158-99fc-52f402b65543}*SharedItemsImports = 13
		App3\App3\App3.projitems*{6eb92937-4e4f-4766-bfd9-9ab96f56801b}*SharedItemsImports = 4
		App3\App3\App3.projitems*{bb9db587-360a-413d-ad6e-b5f7c2c43217}*SharedItemsImports = 4
		App3\App3\App3.projitems*{de2ed4d8-5eb1-48d6-a876-3afbd4df1f5d}*SharedItemsImports = 4
	EndGlobalSection
	GlobalSection(SolutionConfigurationPlatforms) = preSolution
		Ad-Hoc|Any CPU = Ad-Hoc|Any CPU
		Ad-Hoc|ARM = Ad-Hoc|ARM
		Ad-Hoc|iPhone = Ad-Hoc|iPhone
		Ad-Hoc|iPhoneSimulator = Ad-Hoc|iPhoneSimulator
		Ad-Hoc|x64 = Ad-Hoc|x64
		Ad-Hoc|x86 = Ad-Hoc|x86
		AppStore|Any CPU = AppStore|Any CPU
		AppStore|ARM = AppStore|ARM
		AppStore|iPhone = AppStore|iPhone
		AppStore|iPhoneSimulator = AppStore|iPhoneSimulator
		AppStore|x64 = AppStore|x64
		AppStore|x86 = AppStore|x86
		Debug|Any CPU = Debug|Any CPU
		Debug|ARM = Debug|ARM
		Debug|iPhone = Debug|iPhone
		Debug|iPhoneSimulator = Debug|iPhoneSimulator
		Debug|x64 = Debug|x64
		Debug|x86 = Debug|x86
		Release|Any CPU = Release|Any CPU
		Release|ARM = Release|ARM
		Release|iPhone = Release|iPhone
		Release|iPhoneSimulator = Release|iPhoneSimulator
		Release|x64 = Release|x64
		Release|x86 = Release|x86
	EndGlobalSection
	GlobalSection(ProjectConfigurationPlatforms) = postSolution
		{BB9DB587-360A-413D-AD6E-B5F7C2C43217}.Ad-Hoc|Any CPU.ActiveCfg = Release|Any CPU
		{BB9DB587-360A-413D-AD6E-B5F7C2C43217}.Ad-Hoc|Any CPU.Build.0 = Release|Any CPU
		{BB9DB587-360A-413D-AD6E-B5F7C2C43217}.Ad-Hoc|Any CPU.Deploy.0 = Release|Any CPU
		{BB9DB587-360A-413D-AD6E-B5F7C2C43217}.Ad-Hoc|ARM.ActiveCfg = Release|Any CPU
		{BB9DB587-360A-413D-AD6E-B5F7C2C43217}.Ad-Hoc|ARM.Build.0 = Release|Any CPU
		{BB9DB587-360A-413D-AD6E-B5F7C2C43217}.Ad-Hoc|ARM.Deploy.0 = Release|Any CPU
		{BB9DB587-360A-413D-AD6E-B5F7C2C43217}.Ad-Hoc|iPhone.ActiveCfg = Release|Any CPU
		{BB9DB587-360A-413D-AD6E-B5F7C2C43217}.Ad-Hoc|iPhone.Build.0 = Release|Any CPU
		{BB9DB587-360A-413D-AD6E-B5F7C2C43217}.Ad-Hoc|iPhone.Deploy.0 = Release|Any CPU
		{BB9DB587-360A-413D-AD6E-B5F7C2C43217}.Ad-Hoc|iPhoneSimulator.ActiveCfg = Release|Any CPU
		{BB9DB587-360A-413D-AD6E-B5F7C2C43217}.Ad-Hoc|iPhoneSimulator.Build.0 = Release|Any CPU
		{BB9DB587-360A-413D-AD6E-B5F7C2C43217}.Ad-Hoc|iPhoneSimulator.Deploy.0 = Release|Any CPU
		{BB9DB587-360A-413D-AD6E-B5F7C2C43217}.Ad-Hoc|x64.ActiveCfg = Release|Any CPU
		{BB9DB587-360A-413D-AD6E-B5F7C2C43217}.Ad-Hoc|x64.Build.0 = Release|Any CPU
		{BB9DB587-360A-413D-AD6E-B5F7C2C43217}.Ad-Hoc|x64.Deploy.0 = Release|Any CPU
		{BB9DB587-360A-413D-AD6E-B5F7C2C43217}.Ad-Hoc|x86.ActiveCfg = Release|Any CPU
		{BB9DB587-360A-413D-AD6E-B5F7C2C43217}.Ad-Hoc|x86.Build.0 = Release|Any CPU
		{BB9DB587-360A-413D-AD6E-B5F7C2C43217}.Ad-Hoc|x86.Deploy.0 = Release|Any CPU
		{BB9DB587-360A-413D-AD6E-B5F7C2C43217}.AppStore|Any CPU.ActiveCfg = Release|Any CPU
		{BB9DB587-360A-413D-AD6E-B5F7C2C43217}.AppStore|Any CPU.Build.0 = Release|Any CPU
		{BB9DB587-360A-413D-AD6E-B5F7C2C43217}.AppStore|Any CPU.Deploy.0 = Release|Any CPU
		{BB9DB587-360A-413D-AD6E-B5F7C2C43217}.AppStore|ARM.ActiveCfg = Release|Any CPU
		{BB9DB587-360A-413D-AD6E-B5F7C2C43217}.AppStore|ARM.Build.0 = Release|Any CPU
		{BB9DB587-360A-413D-AD6E-B5F7C2C43217}.AppStore|ARM.Deploy.0 = Release|Any CPU
		{BB9DB587-360A-413D-AD6E-B5F7C2C43217}.AppStore|iPhone.ActiveCfg = Release|Any CPU
		{BB9DB587-360A-413D-AD6E-B5F7C2C43217}.AppStore|iPhone.Build.0 = Release|Any CPU
		{BB9DB587-360A-413D-AD6E-B5F7C2C43217}.AppStore|iPhone.Deploy.0 = Release|Any CPU
		{BB9DB587-360A-413D-AD6E-B5F7C2C43217}.AppStore|iPhoneSimulator.ActiveCfg = Release|Any CPU
		{BB9DB587-360A-413D-AD6E-B5F7C2C43217}.AppStore|iPhoneSimulator.Build.0 = Release|Any CPU
		{BB9DB587-360A-413D-AD6E-B5F7C2C43217}.AppStore|iPhoneSimulator.Deploy.0 = Release|Any CPU
		{BB9DB587-360A-413D-AD6E-B5F7C2C43217}.AppStore|x64.ActiveCfg = Release|Any CPU
		{BB9DB587-360A-413D-AD6E-B5F7C2C43217}.AppStore|x64.Build.0 = Release|Any CPU
		{BB9DB587-360A-413D-AD6E-B5F7C2C43217}.AppStore|x64.Deploy.0 = Release|Any CPU
		{BB9DB587-360A-413D-AD6E-B5F7C2C43217}.AppStore|x86.ActiveCfg = Release|Any CPU
		{BB9DB587-360A-413D-AD6E-B5F7C2C43217}.AppStore|x86.Build.0 = Release|Any CPU
		{BB9DB587-360A-413D-AD6E-B5F7C2C43217}.AppStore|x86.Deploy.0 = Release|Any CPU
		{BB9DB587-360A-413D-AD6E-B5F7C2C43217}.Debug|Any CPU.ActiveCfg = Debug|Any CPU
		{BB9DB587-360A-413D-AD6E-B5F7C2C43217}.Debug|Any CPU.Build.0 = Debug|Any CPU
		{BB9DB587-360A-413D-AD6E-B5F7C2C43217}.Debug|Any CPU.Deploy.0 = Debug|Any CPU
		{BB9DB587-360A-413D-AD6E-B5F7C2C43217}.Debug|ARM.ActiveCfg = Debug|Any CPU
		{BB9DB587-360A-413D-AD6E-B5F7C2C43217}.Debug|ARM.Build.0 = Debug|Any CPU
		{BB9DB587-360A-413D-AD6E-B5F7C2C43217}.Debug|ARM.Deploy.0 = Debug|Any CPU
		{BB9DB587-360A-413D-AD6E-B5F7C2C43217}.Debug|iPhone.ActiveCfg = Debug|Any CPU
		{BB9DB587-360A-413D-AD6E-B5F7C2C43217}.Debug|iPhone.Build.0 = Debug|Any CPU
		{BB9DB587-360A-413D-AD6E-B5F7C2C43217}.Debug|iPhone.Deploy.0 = Debug|Any CPU
		{BB9DB587-360A-413D-AD6E-B5F7C2C43217}.Debug|iPhoneSimulator.ActiveCfg = Debug|Any CPU
		{BB9DB587-360A-413D-AD6E-B5F7C2C43217}.Debug|iPhoneSimulator.Build.0 = Debug|Any CPU
		{BB9DB587-360A-413D-AD6E-B5F7C2C43217}.Debug|iPhoneSimulator.Deploy.0 = Debug|Any CPU
		{BB9DB587-360A-413D-AD6E-B5F7C2C43217}.Debug|x64.ActiveCfg = Debug|Any CPU
		{BB9DB587-360A-413D-AD6E-B5F7C2C43217}.Debug|x64.Build.0 = Debug|Any CPU
		{BB9DB587-360A-413D-AD6E-B5F7C2C43217}.Debug|x64.Deploy.0 = Debug|Any CPU
		{BB9DB587-360A-413D-AD6E-B5F7C2C43217}.Debug|x86.ActiveCfg = Debug|Any CPU
		{BB9DB587-360A-413D-AD6E-B5F7C2C43217}.Debug|x86.Build.0 = Debug|Any CPU
		{BB9DB587-360A-413D-AD6E-B5F7C2C43217}.Debug|x86.Deploy.0 = Debug|Any CPU
		{BB9DB587-360A-413D-AD6E-B5F7C2C43217}.Release|Any CPU.ActiveCfg = Release|Any CPU
		{BB9DB587-360A-413D-AD6E-B5F7C2C43217}.Release|Any CPU.Build.0 = Release|Any CPU
		{BB9DB587-360A-413D-AD6E-B5F7C2C43217}.Release|Any CPU.Deploy.0 = Release|Any CPU
		{BB9DB587-360A-413D-AD6E-B5F7C2C43217}.Release|ARM.ActiveCfg = Release|Any CPU
		{BB9DB587-360A-413D-AD6E-B5F7C2C43217}.Release|ARM.Build.0 = Release|Any CPU
		{BB9DB587-360A-413D-AD6E-B5F7C2C43217}.Release|ARM.Deploy.0 = Release|Any CPU
		{BB9DB587-360A-413D-AD6E-B5F7C2C43217}.Release|iPhone.ActiveCfg = Release|Any CPU
		{BB9DB587-360A-413D-AD6E-B5F7C2C43217}.Release|iPhone.Build.0 = Release|Any CPU
		{BB9DB587-360A-413D-AD6E-B5F7C2C43217}.Release|iPhone.Deploy.0 = Release|Any CPU
		{BB9DB587-360A-413D-AD6E-B5F7C2C43217}.Release|iPhoneSimulator.ActiveCfg = Release|Any CPU
		{BB9DB587-360A-413D-AD6E-B5F7C2C43217}.Release|iPhoneSimulator.Build.0 = Release|Any CPU
		{BB9DB587-360A-413D-AD6E-B5F7C2C43217}.Release|iPhoneSimulator.Deploy.0 = Release|Any CPU
		{BB9DB587-360A-413D-AD6E-B5F7C2C43217}.Release|x64.ActiveCfg = Release|Any CPU
		{BB9DB587-360A-413D-AD6E-B5F7C2C43217}.Release|x64.Build.0 = Release|Any CPU
		{BB9DB587-360A-413D-AD6E-B5F7C2C43217}.Release|x64.Deploy.0 = Release|Any CPU
		{BB9DB587-360A-413D-AD6E-B5F7C2C43217}.Release|x86.ActiveCfg = Release|Any CPU
		{BB9DB587-360A-413D-AD6E-B5F7C2C43217}.Release|x86.Build.0 = Release|Any CPU
		{BB9DB587-360A-413D-AD6E-B5F7C2C43217}.Release|x86.Deploy.0 = Release|Any CPU
		{6EB92937-4E4F-4766-BFD9-9AB96F56801B}.Ad-Hoc|Any CPU.ActiveCfg = Ad-Hoc|iPhone
		{6EB92937-4E4F-4766-BFD9-9AB96F56801B}.Ad-Hoc|ARM.ActiveCfg = Ad-Hoc|iPhone
		{6EB92937-4E4F-4766-BFD9-9AB96F56801B}.Ad-Hoc|iPhone.ActiveCfg = Ad-Hoc|iPhone
		{6EB92937-4E4F-4766-BFD9-9AB96F56801B}.Ad-Hoc|iPhone.Build.0 = Ad-Hoc|iPhone
		{6EB92937-4E4F-4766-BFD9-9AB96F56801B}.Ad-Hoc|iPhoneSimulator.ActiveCfg = Ad-Hoc|iPhoneSimulator
		{6EB92937-4E4F-4766-BFD9-9AB96F56801B}.Ad-Hoc|iPhoneSimulator.Build.0 = Ad-Hoc|iPhoneSimulator
		{6EB92937-4E4F-4766-BFD9-9AB96F56801B}.Ad-Hoc|x64.ActiveCfg = Ad-Hoc|iPhone
		{6EB92937-4E4F-4766-BFD9-9AB96F56801B}.Ad-Hoc|x86.ActiveCfg = Ad-Hoc|iPhone
		{6EB92937-4E4F-4766-BFD9-9AB96F56801B}.AppStore|Any CPU.ActiveCfg = AppStore|iPhone
		{6EB92937-4E4F-4766-BFD9-9AB96F56801B}.AppStore|ARM.ActiveCfg = AppStore|iPhone
		{6EB92937-4E4F-4766-BFD9-9AB96F56801B}.AppStore|iPhone.ActiveCfg = AppStore|iPhone
		{6EB92937-4E4F-4766-BFD9-9AB96F56801B}.AppStore|iPhone.Build.0 = AppStore|iPhone
		{6EB92937-4E4F-4766-BFD9-9AB96F56801B}.AppStore|iPhoneSimulator.ActiveCfg = AppStore|iPhoneSimulator
		{6EB92937-4E4F-4766-BFD9-9AB96F56801B}.AppStore|iPhoneSimulator.Build.0 = AppStore|iPhoneSimulator
		{6EB92937-4E4F-4766-BFD9-9AB96F56801B}.AppStore|x64.ActiveCfg = AppStore|iPhone
		{6EB92937-4E4F-4766-BFD9-9AB96F56801B}.AppStore|x86.ActiveCfg = AppStore|iPhone
		{6EB92937-4E4F-4766-BFD9-9AB96F56801B}.Debug|Any CPU.ActiveCfg = Debug|iPhone
		{6EB92937-4E4F-4766-BFD9-9AB96F56801B}.Debug|ARM.ActiveCfg = Debug|iPhone
		{6EB92937-4E4F-4766-BFD9-9AB96F56801B}.Debug|iPhone.ActiveCfg = Debug|iPhone
		{6EB92937-4E4F-4766-BFD9-9AB96F56801B}.Debug|iPhone.Build.0 = Debug|iPhone
		{6EB92937-4E4F-4766-BFD9-9AB96F56801B}.Debug|iPhoneSimulator.ActiveCfg = Debug|iPhoneSimulator
		{6EB92937-4E4F-4766-BFD9-9AB96F56801B}.Debug|iPhoneSimulator.Build.0 = Debug|iPhoneSimulator
		{6EB92937-4E4F-4766-BFD9-9AB96F56801B}.Debug|x64.ActiveCfg = Debug|iPhone
		{6EB92937-4E4F-4766-BFD9-9AB96F56801B}.Debug|x86.ActiveCfg = Debug|iPhone
		{6EB92937-4E4F-4766-BFD9-9AB96F56801B}.Release|Any CPU.ActiveCfg = Release|iPhone
		{6EB92937-4E4F-4766-BFD9-9AB96F56801B}.Release|ARM.ActiveCfg = Release|iPhone
		{6EB92937-4E4F-4766-BFD9-9AB96F56801B}.Release|iPhone.ActiveCfg = Release|iPhone
		{6EB92937-4E4F-4766-BFD9-9AB96F56801B}.Release|iPhone.Build.0 = Release|iPhone
		{6EB92937-4E4F-4766-BFD9-9AB96F56801B}.Release|iPhoneSimulator.ActiveCfg = Release|iPhoneSimulator
		{6EB92937-4E4F-4766-BFD9-9AB96F56801B}.Release|iPhoneSimulator.Build.0 = Release|iPhoneSimulator
		{6EB92937-4E4F-4766-BFD9-9AB96F56801B}.Release|x64.ActiveCfg = Release|iPhone
		{6EB92937-4E4F-4766-BFD9-9AB96F56801B}.Release|x86.ActiveCfg = Release|iPhone
		{DE2ED4D8-5EB1-48D6-A876-3AFBD4DF1F5D}.Ad-Hoc|Any CPU.ActiveCfg = Release|x86
		{DE2ED4D8-5EB1-48D6-A876-3AFBD4DF1F5D}.Ad-Hoc|Any CPU.Build.0 = Release|x86
		{DE2ED4D8-5EB1-48D6-A876-3AFBD4DF1F5D}.Ad-Hoc|Any CPU.Deploy.0 = Release|x86
		{DE2ED4D8-5EB1-48D6-A876-3AFBD4DF1F5D}.Ad-Hoc|ARM.ActiveCfg = Release|ARM
		{DE2ED4D8-5EB1-48D6-A876-3AFBD4DF1F5D}.Ad-Hoc|ARM.Build.0 = Release|ARM
		{DE2ED4D8-5EB1-48D6-A876-3AFBD4DF1F5D}.Ad-Hoc|ARM.Deploy.0 = Release|ARM
		{DE2ED4D8-5EB1-48D6-A876-3AFBD4DF1F5D}.Ad-Hoc|iPhone.ActiveCfg = Release|x86
		{DE2ED4D8-5EB1-48D6-A876-3AFBD4DF1F5D}.Ad-Hoc|iPhone.Build.0 = Release|x86
		{DE2ED4D8-5EB1-48D6-A876-3AFBD4DF1F5D}.Ad-Hoc|iPhone.Deploy.0 = Release|x86
		{DE2ED4D8-5EB1-48D6-A876-3AFBD4DF1F5D}.Ad-Hoc|iPhoneSimulator.ActiveCfg = Release|x86
		{DE2ED4D8-5EB1-48D6-A876-3AFBD4DF1F5D}.Ad-Hoc|iPhoneSimulator.Build.0 = Release|x86
		{DE2ED4D8-5EB1-48D6-A876-3AFBD4DF1F5D}.Ad-Hoc|iPhoneSimulator.Deploy.0 = Release|x86
		{DE2ED4D8-5EB1-48D6-A876-3AFBD4DF1F5D}.Ad-Hoc|x64.ActiveCfg = Release|x64
		{DE2ED4D8-5EB1-48D6-A876-3AFBD4DF1F5D}.Ad-Hoc|x64.Build.0 = Release|x64
		{DE2ED4D8-5EB1-48D6-A876-3AFBD4DF1F5D}.Ad-Hoc|x64.Deploy.0 = Release|x64
		{DE2ED4D8-5EB1-48D6-A876-3AFBD4DF1F5D}.Ad-Hoc|x86.ActiveCfg = Release|x86
		{DE2ED4D8-5EB1-48D6-A876-3AFBD4DF1F5D}.Ad-Hoc|x86.Build.0 = Release|x86
		{DE2ED4D8-5EB1-48D6-A876-3AFBD4DF1F5D}.Ad-Hoc|x86.Deploy.0 = Release|x86
		{DE2ED4D8-5EB1-48D6-A876-3AFBD4DF1F5D}.AppStore|Any CPU.ActiveCfg = Release|x86
		{DE2ED4D8-5EB1-48D6-A876-3AFBD4DF1F5D}.AppStore|Any CPU.Build.0 = Release|x86
		{DE2ED4D8-5EB1-48D6-A876-3AFBD4DF1F5D}.AppStore|Any CPU.Deploy.0 = Release|x86
		{DE2ED4D8-5EB1-48D6-A876-3AFBD4DF1F5D}.AppStore|ARM.ActiveCfg = Release|ARM
		{DE2ED4D8-5EB1-48D6-A876-3AFBD4DF1F5D}.AppStore|ARM.Build.0 = Release|ARM
		{DE2ED4D8-5EB1-48D6-A876-3AFBD4DF1F5D}.AppStore|ARM.Deploy.0 = Release|ARM
		{DE2ED4D8-5EB1-48D6-A876-3AFBD4DF1F5D}.AppStore|iPhone.ActiveCfg = Release|x86
		{DE2ED4D8-5EB1-48D6-A876-3AFBD4DF1F5D}.AppStore|iPhone.Build.0 = Release|x86
		{DE2ED4D8-5EB1-48D6-A876-3AFBD4DF1F5D}.AppStore|iPhone.Deploy.0 = Release|x86
		{DE2ED4D8-5EB1-48D6-A876-3AFBD4DF1F5D}.AppStore|iPhoneSimulator.ActiveCfg = Release|x86
		{DE2ED4D8-5EB1-48D6-A876-3AFBD4DF1F5D}.AppStore|iPhoneSimulator.Build.0 = Release|x86
		{DE2ED4D8-5EB1-48D6-A876-3AFBD4DF1F5D}.AppStore|iPhoneSimulator.Deploy.0 = Release|x86
		{DE2ED4D8-5EB1-48D6-A876-3AFBD4DF1F5D}.AppStore|x64.ActiveCfg = Release|x64
		{DE2ED4D8-5EB1-48D6-A876-3AFBD4DF1F5D}.AppStore|x64.Build.0 = Release|x64
		{DE2ED4D8-5EB1-48D6-A876-3AFBD4DF1F5D}.AppStore|x64.Deploy.0 = Release|x64
		{DE2ED4D8-5EB1-48D6-A876-3AFBD4DF1F5D}.AppStore|x86.ActiveCfg = Release|x86
		{DE2ED4D8-5EB1-48D6-A876-3AFBD4DF1F5D}.AppStore|x86.Build.0 = Release|x86
		{DE2ED4D8-5EB1-48D6-A876-3AFBD4DF1F5D}.AppStore|x86.Deploy.0 = Release|x86
		{DE2ED4D8-5EB1-48D6-A876-3AFBD4DF1F5D}.Debug|Any CPU.ActiveCfg = Debug|x86
		{DE2ED4D8-5EB1-48D6-A876-3AFBD4DF1F5D}.Debug|ARM.ActiveCfg = Debug|ARM
		{DE2ED4D8-5EB1-48D6-A876-3AFBD4DF1F5D}.Debug|ARM.Build.0 = Debug|ARM
		{DE2ED4D8-5EB1-48D6-A876-3AFBD4DF1F5D}.Debug|ARM.Deploy.0 = Debug|ARM
		{DE2ED4D8-5EB1-48D6-A876-3AFBD4DF1F5D}.Debug|iPhone.ActiveCfg = Debug|x86
		{DE2ED4D8-5EB1-48D6-A876-3AFBD4DF1F5D}.Debug|iPhoneSimulator.ActiveCfg = Debug|x86
		{DE2ED4D8-5EB1-48D6-A876-3AFBD4DF1F5D}.Debug|x64.ActiveCfg = Debug|x64
		{DE2ED4D8-5EB1-48D6-A876-3AFBD4DF1F5D}.Debug|x64.Build.0 = Debug|x64
		{DE2ED4D8-5EB1-48D6-A876-3AFBD4DF1F5D}.Debug|x64.Deploy.0 = Debug|x64
		{DE2ED4D8-5EB1-48D6-A876-3AFBD4DF1F5D}.Debug|x86.ActiveCfg = Debug|x86
		{DE2ED4D8-5EB1-48D6-A876-3AFBD4DF1F5D}.Debug|x86.Build.0 = Debug|x86
		{DE2ED4D8-5EB1-48D6-A876-3AFBD4DF1F5D}.Debug|x86.Deploy.0 = Debug|x86
		{DE2ED4D8-5EB1-48D6-A876-3AFBD4DF1F5D}.Release|Any CPU.ActiveCfg = Release|x86
		{DE2ED4D8-5EB1-48D6-A876-3AFBD4DF1F5D}.Release|ARM.ActiveCfg = Release|ARM
		{DE2ED4D8-5EB1-48D6-A876-3AFBD4DF1F5D}.Release|ARM.Build.0 = Release|ARM
		{DE2ED4D8-5EB1-48D6-A876-3AFBD4DF1F5D}.Release|ARM.Deploy.0 = Release|ARM
		{DE2ED4D8-5EB1-48D6-A876-3AFBD4DF1F5D}.Release|iPhone.ActiveCfg = Release|x86
		{DE2ED4D8-5EB1-48D6-A876-3AFBD4DF1F5D}.Release|iPhoneSimulator.ActiveCfg = Release|x86
		{DE2ED4D8-5EB1-48D6-A876-3AFBD4DF1F5D}.Release|x64.ActiveCfg = Release|x64
		{DE2ED4D8-5EB1-48D6-A876-3AFBD4DF1F5D}.Release|x64.Build.0 = Release|x64
		{DE2ED4D8-5EB1-48D6-A876-3AFBD4DF1F5D}.Release|x64.Deploy.0 = Release|x64
		{DE2ED4D8-5EB1-48D6-A876-3AFBD4DF1F5D}.Release|x86.ActiveCfg = Release|x86
		{DE2ED4D8-5EB1-48D6-A876-3AFBD4DF1F5D}.Release|x86.Build.0 = Release|x86
		{DE2ED4D8-5EB1-48D6-A876-3AFBD4DF1F5D}.Release|x86.Deploy.0 = Release|x86
	EndGlobalSection
	GlobalSection(SolutionProperties) = preSolution
		HideSolutionNode = FALSE
	EndGlobalSection
	GlobalSection(ExtensibilityGlobals) = postSolution
		SolutionGuid = {DCC144F2-79A2-47DA-A874-D226ECC40F79}
	EndGlobalSection
EndGlobal
